
Microsoft Visual Studio Solution File, Format Version 12.00
# Visual Studio Version 17
VisualStudioVersion = 17.3.32922.545
MinimumVisualStudioVersion = 10.0.40219.1
Project("{9A19103F-16F7-4668-BE54-9A1E7A4F7556}") = "CMiX.Core", "CMiX.Core\CMiX.Core.csproj", "{11F536AB-5B81-4219-80E9-C284BACF7BB0}"
EndProject
Project("{9A19103F-16F7-4668-BE54-9A1E7A4F7556}") = "CMiX.Studio", "CMiX.Studio\CMiX.Studio.csproj", "{40A3B847-9475-4A4A-9841-DC9CC5345E56}"
EndProject
Project("{FAE04EC0-301F-11D3-BF4B-00C04F79EFBC}") = "CMiX.Console", "CMiX.Console\CMiX.Console.csproj", "{A0E6777F-AF8B-47CE-88E6-230A9D9B3570}"
EndProject
Global
	GlobalSection(SolutionConfigurationPlatforms) = preSolution
		Debug|Any CPU = Debug|Any CPU
		Release|Any CPU = Release|Any CPU
	EndGlobalSection
	GlobalSection(ProjectConfigurationPlatforms) = postSolution
		{11F536AB-5B81-4219-80E9-C284BACF7BB0}.Debug|Any CPU.ActiveCfg = Debug|Any CPU
		{11F536AB-5B81-4219-80E9-C284BACF7BB0}.Debug|Any CPU.Build.0 = Debug|Any CPU
		{11F536AB-5B81-4219-80E9-C284BACF7BB0}.Release|Any CPU.ActiveCfg = Release|Any CPU
		{11F536AB-5B81-4219-80E9-C284BACF7BB0}.Release|Any CPU.Build.0 = Release|Any CPU
		{40A3B847-9475-4A4A-9841-DC9CC5345E56}.Debug|Any CPU.ActiveCfg = Debug|Any CPU
		{40A3B847-9475-4A4A-9841-DC9CC5345E56}.Debug|Any CPU.Build.0 = Debug|Any CPU
		{40A3B847-9475-4A4A-9841-DC9CC5345E56}.Release|Any CPU.ActiveCfg = Release|Any CPU
		{40A3B847-9475-4A4A-9841-DC9CC5345E56}.Release|Any CPU.Build.0 = Release|Any CPU
		{A0E6777F-AF8B-47CE-88E6-230A9D9B3570}.Debug|Any CPU.ActiveCfg = Debug|Any CPU
		{A0E6777F-AF8B-47CE-88E6-230A9D9B3570}.Debug|Any CPU.Build.0 = Debug|Any CPU
		{A0E6777F-AF8B-47CE-88E6-230A9D9B3570}.Release|Any CPU.ActiveCfg = Release|Any CPU
		{A0E6777F-AF8B-47CE-88E6-230A9D9B3570}.Release|Any CPU.Build.0 = Release|Any CPU
	EndGlobalSection
	GlobalSection(SolutionProperties) = preSolution
		HideSolutionNode = FALSE
	EndGlobalSection
	GlobalSection(ExtensibilityGlobals) = postSolution
		SolutionGuid = {82CE3752-44D5-4EFF-8306-02BEAB5E096E}
	EndGlobalSection
EndGlobal
